{
  "name": "saman-neon-rug-war-next",
  "version": "3.0.0",
  "lockfileVersion": 3,
  "requires": true,
  "packages": {
    "": {
      "name": "saman-neon-rug-war-next",
      "version": "3.0.0",
      "dependencies": {
        "next": "16.2.10",
        "react": "19.2.4",
        "react-dom": "19.2.4"
      },
      "devDependencies": {
        "@types/node": "^22.13.14",
        "@types/react": "^19.0.12",
        "@types/react-dom": "^19.0.4",
        "typescript": "^5.9.3"
      }
    }
  }
}
